
Microsoft Visual Studio Solution File, Format Version 12.00
# Visual Studio Version 17
VisualStudioVersion = 17.7.34031.279
MinimumVisualStudioVersion = 10.0.40219.1
Project("{FAE04EC0-301F-11D3-BF4B-00C04F79EFBC}") = "Utilities", "Utilities\Utilities.csproj", "{886AC59B-88BA-449B-83F2-9FD544B17C70}"
EndProject
Global
	GlobalSection(SolutionConfigurationPlatforms) = preSolution
		Debug|Any CPU = Debug|Any CPU
		Release|Any CPU = Release|Any CPU
	EndGlobalSection
	GlobalSection(ProjectConfigurationPlatforms) = postSolution
		{886AC59B-88BA-449B-83F2-9FD544B17C70}.Debug|Any CPU.ActiveCfg = Debug|Any CPU
		{886AC59B-88BA-449B-83F2-9FD544B17C70}.Debug|Any CPU.Build.0 = Debug|Any CPU
		{886AC59B-88BA-449B-83F2-9FD544B17C70}.Release|Any CPU.ActiveCfg = Release|Any CPU
		{886AC59B-88BA-449B-83F2-9FD544B17C70}.Release|Any CPU.Build.0 = Release|Any CPU
	EndGlobalSection
	GlobalSection(SolutionProperties) = preSolution
		HideSolutionNode = FALSE
	EndGlobalSection
	GlobalSection(ExtensibilityGlobals) = postSolution
		SolutionGuid = {B45573AC-75B9-4BAC-96AC-122B6C14E9AA}
	EndGlobalSection
EndGlobal
